
Microsoft Visual Studio Solution File, Format Version 12.00
# Visual Studio 15
VisualStudioVersion = 15.0.28010.2046
MinimumVisualStudioVersion = 10.0.40219.1
Project("{FAE04EC0-301F-11D3-BF4B-00C04F79EFBC}") = "TestGame", "TestGame\TestGame.csproj", "{BEBA4E9D-C7BF-4143-A550-6F8AE2F0BF00}"
EndProject
Global
	GlobalSection(SolutionConfigurationPlatforms) = preSolution
		Debug|Any CPU = Debug|Any CPU
		Release|Any CPU = Release|Any CPU
	EndGlobalSection
	GlobalSection(ProjectConfigurationPlatforms) = postSolution
		{BEBA4E9D-C7BF-4143-A550-6F8AE2F0BF00}.Debug|Any CPU.ActiveCfg = Debug|Any CPU
		{BEBA4E9D-C7BF-4143-A550-6F8AE2F0BF00}.Debug|Any CPU.Build.0 = Debug|Any CPU
		{BEBA4E9D-C7BF-4143-A550-6F8AE2F0BF00}.Release|Any CPU.ActiveCfg = Release|Any CPU
		{BEBA4E9D-C7BF-4143-A550-6F8AE2F0BF00}.Release|Any CPU.Build.0 = Release|Any CPU
	EndGlobalSection
	GlobalSection(SolutionProperties) = preSolution
		HideSolutionNode = FALSE
	EndGlobalSection
	GlobalSection(ExtensibilityGlobals) = postSolution
		SolutionGuid = {795B4391-2E23-4AED-8B3A-08E0BC0FF92F}
	EndGlobalSection
EndGlobal
